
Microsoft Visual Studio Solution File, Format Version 12.00
# Visual Studio 15
VisualStudioVersion = 15.0.28010.2046
MinimumVisualStudioVersion = 10.0.40219.1
Project("{F184B08F-C81C-45F6-A57F-5ABD9991F28F}") = "Kinect", "Kinect\Kinect.vbproj", "{C7EA09E4-1162-4630-BC85-5633D4F5C3A8}"
EndProject
Project("{F184B08F-C81C-45F6-A57F-5ABD9991F28F}") = "JointStreamer", "JointStreamer\JointStreamer\JointStreamer.vbproj", "{5B650CBD-FE7D-4C7C-B9CE-33070FF4312D}"
EndProject
Global
	GlobalSection(SolutionConfigurationPlatforms) = preSolution
		Debug|Any CPU = Debug|Any CPU
		Debug|x64 = Debug|x64
		Release|Any CPU = Release|Any CPU
		Release|x64 = Release|x64
	EndGlobalSection
	GlobalSection(ProjectConfigurationPlatforms) = postSolution
		{C7EA09E4-1162-4630-BC85-5633D4F5C3A8}.Debug|Any CPU.ActiveCfg = Debug|Any CPU
		{C7EA09E4-1162-4630-BC85-5633D4F5C3A8}.Debug|Any CPU.Build.0 = Debug|Any CPU
		{C7EA09E4-1162-4630-BC85-5633D4F5C3A8}.Debug|x64.ActiveCfg = Debug|x64
		{C7EA09E4-1162-4630-BC85-5633D4F5C3A8}.Debug|x64.Build.0 = Debug|x64
		{C7EA09E4-1162-4630-BC85-5633D4F5C3A8}.Release|Any CPU.ActiveCfg = Release|Any CPU
		{C7EA09E4-1162-4630-BC85-5633D4F5C3A8}.Release|Any CPU.Build.0 = Release|Any CPU
		{C7EA09E4-1162-4630-BC85-5633D4F5C3A8}.Release|x64.ActiveCfg = Release|x64
		{C7EA09E4-1162-4630-BC85-5633D4F5C3A8}.Release|x64.Build.0 = Release|x64
		{5B650CBD-FE7D-4C7C-B9CE-33070FF4312D}.Debug|Any CPU.ActiveCfg = Debug|Any CPU
		{5B650CBD-FE7D-4C7C-B9CE-33070FF4312D}.Debug|Any CPU.Build.0 = Debug|Any CPU
		{5B650CBD-FE7D-4C7C-B9CE-33070FF4312D}.Debug|x64.ActiveCfg = Debug|Any CPU
		{5B650CBD-FE7D-4C7C-B9CE-33070FF4312D}.Debug|x64.Build.0 = Debug|Any CPU
		{5B650CBD-FE7D-4C7C-B9CE-33070FF4312D}.Release|Any CPU.ActiveCfg = Release|Any CPU
		{5B650CBD-FE7D-4C7C-B9CE-33070FF4312D}.Release|Any CPU.Build.0 = Release|Any CPU
		{5B650CBD-FE7D-4C7C-B9CE-33070FF4312D}.Release|x64.ActiveCfg = Release|Any CPU
		{5B650CBD-FE7D-4C7C-B9CE-33070FF4312D}.Release|x64.Build.0 = Release|Any CPU
	EndGlobalSection
	GlobalSection(SolutionProperties) = preSolution
		HideSolutionNode = FALSE
	EndGlobalSection
	GlobalSection(ExtensibilityGlobals) = postSolution
		SolutionGuid = {47C89436-D2A3-4075-80D9-08D91DB4909D}
	EndGlobalSection
EndGlobal
